
Microsoft Visual Studio Solution File, Format Version 12.00
# Visual Studio Version 17
VisualStudioVersion = 17.0.31903.59
MinimumVisualStudioVersion = 10.0.40219.1
Project("{FAE04EC0-301F-11D3-BF4B-00C04F79EFBC}") = "JellyProviderSections.Plugin", "JellyProviderSections.Plugin\JellyProviderSections.Plugin.csproj", "{BA88E751-8348-437F-AE60-1584CC585B13}"
EndProject
Project("{FAE04EC0-301F-11D3-BF4B-00C04F79EFBC}") = "JellyProviderSections.Tests", "JellyProviderSections.Tests\JellyProviderSections.Tests.csproj", "{88380EA0-CB50-44F8-A132-135B387AAC36}"
EndProject
Global
	GlobalSection(SolutionConfigurationPlatforms) = preSolution
		Debug|Any CPU = Debug|Any CPU
		Release|Any CPU = Release|Any CPU
	EndGlobalSection
	GlobalSection(ProjectConfigurationPlatforms) = postSolution
		{BA88E751-8348-437F-AE60-1584CC585B13}.Debug|Any CPU.ActiveCfg = Debug|Any CPU
		{BA88E751-8348-437F-AE60-1584CC585B13}.Debug|Any CPU.Build.0 = Debug|Any CPU
		{BA88E751-8348-437F-AE60-1584CC585B13}.Release|Any CPU.ActiveCfg = Release|Any CPU
		{BA88E751-8348-437F-AE60-1584CC585B13}.Release|Any CPU.Build.0 = Release|Any CPU
		{88380EA0-CB50-44F8-A132-135B387AAC36}.Debug|Any CPU.ActiveCfg = Debug|Any CPU
		{88380EA0-CB50-44F8-A132-135B387AAC36}.Debug|Any CPU.Build.0 = Debug|Any CPU
		{88380EA0-CB50-44F8-A132-135B387AAC36}.Release|Any CPU.ActiveCfg = Release|Any CPU
		{88380EA0-CB50-44F8-A132-135B387AAC36}.Release|Any CPU.Build.0 = Release|Any CPU
	EndGlobalSection
EndGlobal
